
Microsoft Visual Studio Solution File, Format Version 12.00
# Visual Studio 2013
VisualStudioVersion = 12.0.31101.0
MinimumVisualStudioVersion = 10.0.40219.1
Project("{F184B08F-C81C-45F6-A57F-5ABD9991F28F}") = "OverWS", "OverWS.vbproj", "{87D77B04-F466-4C7D-AA97-08333D089751}"
EndProject
Global
	GlobalSection(SolutionConfigurationPlatforms) = preSolution
		Debug|x86 = Debug|x86
		Release|x86 = Release|x86
	EndGlobalSection
	GlobalSection(ProjectConfigurationPlatforms) = postSolution
		{87D77B04-F466-4C7D-AA97-08333D089751}.Debug|x86.ActiveCfg = Debug|x86
		{87D77B04-F466-4C7D-AA97-08333D089751}.Debug|x86.Build.0 = Debug|x86
		{87D77B04-F466-4C7D-AA97-08333D089751}.Release|x86.ActiveCfg = Release|x86
		{87D77B04-F466-4C7D-AA97-08333D089751}.Release|x86.Build.0 = Release|x86
	EndGlobalSection
	GlobalSection(SolutionProperties) = preSolution
		HideSolutionNode = FALSE
	EndGlobalSection
EndGlobal
